
Microsoft Visual Studio Solution File, Format Version 12.00
# Visual Studio Version 17
VisualStudioVersion = 17.0.31903.59
MinimumVisualStudioVersion = 10.0.40219.1
Project("{9A19103F-16F7-4668-BE54-9A1E7A4F7556}") = "uebung1", "CSharp\uebung1\uebung1.csproj", "{4BAA3127-7620-4133-9D3A-5E2F4D947F75}"
EndProject
Project("{9A19103F-16F7-4668-BE54-9A1E7A4F7556}") = "aufgabe1", "CSharp\aufgabe1\aufgabe1.csproj", "{C864F9D4-999E-496C-8168-D16A9B0C9004}"
EndProject
Project("{9A19103F-16F7-4668-BE54-9A1E7A4F7556}") = "uebung2", "CSharp\uebung2\uebung2.csproj", "{84DBC6CE-87CC-4D4A-9E61-8A02B6AD0726}"
EndProject
Project("{9A19103F-16F7-4668-BE54-9A1E7A4F7556}") = "aufgabe2", "CSharp\aufgabe2\aufgabe2.csproj", "{AF71AD91-3491-407F-BCD7-850A8A64B836}"
EndProject
Project("{2150E333-8FDC-42A3-9474-1A3956D46DE8}") = "Solution Items", "Solution Items", "{FC20DD8F-729E-4ABB-B13E-C4A51912E068}"
	ProjectSection(SolutionItems) = preProject
		README.md = README.md
	EndProjectSection
EndProject
Project("{9A19103F-16F7-4668-BE54-9A1E7A4F7556}") = "uebung3", "CSharp\uebung3\uebung3.csproj", "{6C2B2CBE-6A7A-47FB-8622-BB82ABE90BE5}"
EndProject
Project("{9A19103F-16F7-4668-BE54-9A1E7A4F7556}") = "aufgabe3", "CSharp\aufgabe3\aufgabe3.csproj", "{67A5FB66-7F9A-4D79-A05A-96A217C0EB85}"
EndProject
Project("{9A19103F-16F7-4668-BE54-9A1E7A4F7556}") = "uebung4", "CSharp\uebung4\uebung4.csproj", "{DC24070C-00A9-4251-95CF-571518144C71}"
EndProject
Project("{9A19103F-16F7-4668-BE54-9A1E7A4F7556}") = "aufgabe4", "CSharp\aufgabe4\aufgabe4.csproj", "{98AE3124-E555-4AD3-BACD-250510EDE580}"
EndProject
Project("{9A19103F-16F7-4668-BE54-9A1E7A4F7556}") = "uebung5", "CSharp\uebung5\uebung5.csproj", "{6BEABFC7-FA9A-44A0-B453-C51E41B75E80}"
EndProject
Project("{9A19103F-16F7-4668-BE54-9A1E7A4F7556}") = "aufgabe5", "CSharp\aufgabe5\aufgabe5.csproj", "{77D82B41-3816-44EF-9419-DE6950427C02}"
EndProject
Project("{9A19103F-16F7-4668-BE54-9A1E7A4F7556}") = "uebung6", "CSharp\uebung6\uebung6.csproj", "{E583233C-B698-4C0D-A908-9670646F446E}"
EndProject
Project("{2150E333-8FDC-42A3-9474-1A3956D46DE8}") = "CSharp", "CSharp", "{99865A18-6C51-4CCB-A2D2-3673CD7C1364}"
EndProject
Project("{2150E333-8FDC-42A3-9474-1A3956D46DE8}") = "VB", "VB", "{10375DB6-0F63-4EA2-9FA3-01B5A073A437}"
EndProject
Project("{778DAE3C-4631-46EA-AA77-85C1314464D9}") = "VB_Grundlagen", "VB\VB_Grundlagen\VB_Grundlagen.vbproj", "{E05F4F54-968D-49EA-84BF-DA8216DBB68A}"
EndProject
Project("{778DAE3C-4631-46EA-AA77-85C1314464D9}") = "Solver", "VB\Solver\Solver.vbproj", "{C1E6B4E3-1CC1-44AD-8283-962AEC3C00EB}"
EndProject
Project("{9A19103F-16F7-4668-BE54-9A1E7A4F7556}") = "winform_start", "CSharp\winform_start\winform_start\winform_start.csproj", "{C12A1299-2E29-4BBA-90AE-C3FD2CA192FA}"
EndProject
Project("{9A19103F-16F7-4668-BE54-9A1E7A4F7556}") = "fahrtenbuch", "CSharp\fahrtenbuch\fahrtenbuch\fahrtenbuch.csproj", "{469DF069-7939-4607-8750-E209CCF57627}"
EndProject
Project("{9A19103F-16F7-4668-BE54-9A1E7A4F7556}") = "uebung7", "CSharp\uebung7\uebung7.csproj", "{3F4ECBD7-4587-401D-AB75-F9CE4A19D967}"
EndProject
Project("{9A19103F-16F7-4668-BE54-9A1E7A4F7556}") = "apiProjekt", "CSharp\apiProjekt\apiProjekt.csproj", "{BE408E64-CED4-4659-BB24-4657EE9FDAF4}"
EndProject
Project("{9A19103F-16F7-4668-BE54-9A1E7A4F7556}") = "apiProjektClient", "CSharp\apiProjektClient\apiProjektClient.csproj", "{2ABF2C3C-1D96-4C53-96F2-F94C0BB536B2}"
EndProject
Project("{FAE04EC0-301F-11D3-BF4B-00C04F79EFBC}") = "VorlesungApp", "VorlesungApp\VorlesungApp.csproj", "{556B21AA-E2BD-42A4-BEAD-C2E9688C11BF}"
EndProject
Global
	GlobalSection(SolutionConfigurationPlatforms) = preSolution
		Debug|Any CPU = Debug|Any CPU
		Release|Any CPU = Release|Any CPU
	EndGlobalSection
	GlobalSection(ProjectConfigurationPlatforms) = postSolution
		{4BAA3127-7620-4133-9D3A-5E2F4D947F75}.Debug|Any CPU.ActiveCfg = Debug|Any CPU
		{4BAA3127-7620-4133-9D3A-5E2F4D947F75}.Debug|Any CPU.Build.0 = Debug|Any CPU
		{4BAA3127-7620-4133-9D3A-5E2F4D947F75}.Release|Any CPU.ActiveCfg = Release|Any CPU
		{4BAA3127-7620-4133-9D3A-5E2F4D947F75}.Release|Any CPU.Build.0 = Release|Any CPU
		{C864F9D4-999E-496C-8168-D16A9B0C9004}.Debug|Any CPU.ActiveCfg = Debug|Any CPU
		{C864F9D4-999E-496C-8168-D16A9B0C9004}.Debug|Any CPU.Build.0 = Debug|Any CPU
		{C864F9D4-999E-496C-8168-D16A9B0C9004}.Release|Any CPU.ActiveCfg = Release|Any CPU
		{C864F9D4-999E-496C-8168-D16A9B0C9004}.Release|Any CPU.Build.0 = Release|Any CPU
		{84DBC6CE-87CC-4D4A-9E61-8A02B6AD0726}.Debug|Any CPU.ActiveCfg = Debug|Any CPU
		{84DBC6CE-87CC-4D4A-9E61-8A02B6AD0726}.Debug|Any CPU.Build.0 = Debug|Any CPU
		{84DBC6CE-87CC-4D4A-9E61-8A02B6AD0726}.Release|Any CPU.ActiveCfg = Release|Any CPU
		{84DBC6CE-87CC-4D4A-9E61-8A02B6AD0726}.Release|Any CPU.Build.0 = Release|Any CPU
		{AF71AD91-3491-407F-BCD7-850A8A64B836}.Debug|Any CPU.ActiveCfg = Debug|Any CPU
		{AF71AD91-3491-407F-BCD7-850A8A64B836}.Debug|Any CPU.Build.0 = Debug|Any CPU
		{AF71AD91-3491-407F-BCD7-850A8A64B836}.Release|Any CPU.ActiveCfg = Release|Any CPU
		{AF71AD91-3491-407F-BCD7-850A8A64B836}.Release|Any CPU.Build.0 = Release|Any CPU
		{6C2B2CBE-6A7A-47FB-8622-BB82ABE90BE5}.Debug|Any CPU.ActiveCfg = Debug|Any CPU
		{6C2B2CBE-6A7A-47FB-8622-BB82ABE90BE5}.Debug|Any CPU.Build.0 = Debug|Any CPU
		{6C2B2CBE-6A7A-47FB-8622-BB82ABE90BE5}.Release|Any CPU.ActiveCfg = Release|Any CPU
		{6C2B2CBE-6A7A-47FB-8622-BB82ABE90BE5}.Release|Any CPU.Build.0 = Release|Any CPU
		{67A5FB66-7F9A-4D79-A05A-96A217C0EB85}.Debug|Any CPU.ActiveCfg = Debug|Any CPU
		{67A5FB66-7F9A-4D79-A05A-96A217C0EB85}.Debug|Any CPU.Build.0 = Debug|Any CPU
		{67A5FB66-7F9A-4D79-A05A-96A217C0EB85}.Release|Any CPU.ActiveCfg = Release|Any CPU
		{67A5FB66-7F9A-4D79-A05A-96A217C0EB85}.Release|Any CPU.Build.0 = Release|Any CPU
		{DC24070C-00A9-4251-95CF-571518144C71}.Debug|Any CPU.ActiveCfg = Debug|Any CPU
		{DC24070C-00A9-4251-95CF-571518144C71}.Debug|Any CPU.Build.0 = Debug|Any CPU
		{DC24070C-00A9-4251-95CF-571518144C71}.Release|Any CPU.ActiveCfg = Release|Any CPU
		{DC24070C-00A9-4251-95CF-571518144C71}.Release|Any CPU.Build.0 = Release|Any CPU
		{98AE3124-E555-4AD3-BACD-250510EDE580}.Debug|Any CPU.ActiveCfg = Debug|Any CPU
		{98AE3124-E555-4AD3-BACD-250510EDE580}.Debug|Any CPU.Build.0 = Debug|Any CPU
		{98AE3124-E555-4AD3-BACD-250510EDE580}.Release|Any CPU.ActiveCfg = Release|Any CPU
		{98AE3124-E555-4AD3-BACD-250510EDE580}.Release|Any CPU.Build.0 = Release|Any CPU
		{6BEABFC7-FA9A-44A0-B453-C51E41B75E80}.Debug|Any CPU.ActiveCfg = Debug|Any CPU
		{6BEABFC7-FA9A-44A0-B453-C51E41B75E80}.Debug|Any CPU.Build.0 = Debug|Any CPU
		{6BEABFC7-FA9A-44A0-B453-C51E41B75E80}.Release|Any CPU.ActiveCfg = Release|Any CPU
		{6BEABFC7-FA9A-44A0-B453-C51E41B75E80}.Release|Any CPU.Build.0 = Release|Any CPU
		{77D82B41-3816-44EF-9419-DE6950427C02}.Debug|Any CPU.ActiveCfg = Debug|Any CPU
		{77D82B41-3816-44EF-9419-DE6950427C02}.Debug|Any CPU.Build.0 = Debug|Any CPU
		{77D82B41-3816-44EF-9419-DE6950427C02}.Release|Any CPU.ActiveCfg = Release|Any CPU
		{77D82B41-3816-44EF-9419-DE6950427C02}.Release|Any CPU.Build.0 = Release|Any CPU
		{E583233C-B698-4C0D-A908-9670646F446E}.Debug|Any CPU.ActiveCfg = Debug|Any CPU
		{E583233C-B698-4C0D-A908-9670646F446E}.Debug|Any CPU.Build.0 = Debug|Any CPU
		{E583233C-B698-4C0D-A908-9670646F446E}.Release|Any CPU.ActiveCfg = Release|Any CPU
		{E583233C-B698-4C0D-A908-9670646F446E}.Release|Any CPU.Build.0 = Release|Any CPU
		{E05F4F54-968D-49EA-84BF-DA8216DBB68A}.Debug|Any CPU.ActiveCfg = Debug|Any CPU
		{E05F4F54-968D-49EA-84BF-DA8216DBB68A}.Debug|Any CPU.Build.0 = Debug|Any CPU
		{E05F4F54-968D-49EA-84BF-DA8216DBB68A}.Release|Any CPU.ActiveCfg = Release|Any CPU
		{E05F4F54-968D-49EA-84BF-DA8216DBB68A}.Release|Any CPU.Build.0 = Release|Any CPU
		{C1E6B4E3-1CC1-44AD-8283-962AEC3C00EB}.Debug|Any CPU.ActiveCfg = Debug|Any CPU
		{C1E6B4E3-1CC1-44AD-8283-962AEC3C00EB}.Debug|Any CPU.Build.0 = Debug|Any CPU
		{C1E6B4E3-1CC1-44AD-8283-962AEC3C00EB}.Release|Any CPU.ActiveCfg = Release|Any CPU
		{C1E6B4E3-1CC1-44AD-8283-962AEC3C00EB}.Release|Any CPU.Build.0 = Release|Any CPU
		{C12A1299-2E29-4BBA-90AE-C3FD2CA192FA}.Debug|Any CPU.ActiveCfg = Debug|Any CPU
		{C12A1299-2E29-4BBA-90AE-C3FD2CA192FA}.Debug|Any CPU.Build.0 = Debug|Any CPU
		{C12A1299-2E29-4BBA-90AE-C3FD2CA192FA}.Release|Any CPU.ActiveCfg = Release|Any CPU
		{C12A1299-2E29-4BBA-90AE-C3FD2CA192FA}.Release|Any CPU.Build.0 = Release|Any CPU
		{469DF069-7939-4607-8750-E209CCF57627}.Debug|Any CPU.ActiveCfg = Debug|Any CPU
		{469DF069-7939-4607-8750-E209CCF57627}.Debug|Any CPU.Build.0 = Debug|Any CPU
		{469DF069-7939-4607-8750-E209CCF57627}.Release|Any CPU.ActiveCfg = Release|Any CPU
		{469DF069-7939-4607-8750-E209CCF57627}.Release|Any CPU.Build.0 = Release|Any CPU
		{3F4ECBD7-4587-401D-AB75-F9CE4A19D967}.Debug|Any CPU.ActiveCfg = Debug|Any CPU
		{3F4ECBD7-4587-401D-AB75-F9CE4A19D967}.Debug|Any CPU.Build.0 = Debug|Any CPU
		{3F4ECBD7-4587-401D-AB75-F9CE4A19D967}.Release|Any CPU.ActiveCfg = Release|Any CPU
		{3F4ECBD7-4587-401D-AB75-F9CE4A19D967}.Release|Any CPU.Build.0 = Release|Any CPU
		{BE408E64-CED4-4659-BB24-4657EE9FDAF4}.Debug|Any CPU.ActiveCfg = Debug|Any CPU
		{BE408E64-CED4-4659-BB24-4657EE9FDAF4}.Debug|Any CPU.Build.0 = Debug|Any CPU
		{BE408E64-CED4-4659-BB24-4657EE9FDAF4}.Release|Any CPU.ActiveCfg = Release|Any CPU
		{BE408E64-CED4-4659-BB24-4657EE9FDAF4}.Release|Any CPU.Build.0 = Release|Any CPU
		{2ABF2C3C-1D96-4C53-96F2-F94C0BB536B2}.Debug|Any CPU.ActiveCfg = Debug|Any CPU
		{2ABF2C3C-1D96-4C53-96F2-F94C0BB536B2}.Debug|Any CPU.Build.0 = Debug|Any CPU
		{2ABF2C3C-1D96-4C53-96F2-F94C0BB536B2}.Release|Any CPU.ActiveCfg = Release|Any CPU
		{2ABF2C3C-1D96-4C53-96F2-F94C0BB536B2}.Release|Any CPU.Build.0 = Release|Any CPU
		{556B21AA-E2BD-42A4-BEAD-C2E9688C11BF}.Debug|Any CPU.ActiveCfg = Debug|Any CPU
		{556B21AA-E2BD-42A4-BEAD-C2E9688C11BF}.Debug|Any CPU.Build.0 = Debug|Any CPU
		{556B21AA-E2BD-42A4-BEAD-C2E9688C11BF}.Release|Any CPU.ActiveCfg = Release|Any CPU
		{556B21AA-E2BD-42A4-BEAD-C2E9688C11BF}.Release|Any CPU.Build.0 = Release|Any CPU
	EndGlobalSection
	GlobalSection(SolutionProperties) = preSolution
		HideSolutionNode = FALSE
	EndGlobalSection
	GlobalSection(NestedProjects) = preSolution
		{4BAA3127-7620-4133-9D3A-5E2F4D947F75} = {99865A18-6C51-4CCB-A2D2-3673CD7C1364}
		{C864F9D4-999E-496C-8168-D16A9B0C9004} = {99865A18-6C51-4CCB-A2D2-3673CD7C1364}
		{84DBC6CE-87CC-4D4A-9E61-8A02B6AD0726} = {99865A18-6C51-4CCB-A2D2-3673CD7C1364}
		{AF71AD91-3491-407F-BCD7-850A8A64B836} = {99865A18-6C51-4CCB-A2D2-3673CD7C1364}
		{6C2B2CBE-6A7A-47FB-8622-BB82ABE90BE5} = {99865A18-6C51-4CCB-A2D2-3673CD7C1364}
		{67A5FB66-7F9A-4D79-A05A-96A217C0EB85} = {99865A18-6C51-4CCB-A2D2-3673CD7C1364}
		{DC24070C-00A9-4251-95CF-571518144C71} = {99865A18-6C51-4CCB-A2D2-3673CD7C1364}
		{98AE3124-E555-4AD3-BACD-250510EDE580} = {99865A18-6C51-4CCB-A2D2-3673CD7C1364}
		{6BEABFC7-FA9A-44A0-B453-C51E41B75E80} = {99865A18-6C51-4CCB-A2D2-3673CD7C1364}
		{77D82B41-3816-44EF-9419-DE6950427C02} = {99865A18-6C51-4CCB-A2D2-3673CD7C1364}
		{E583233C-B698-4C0D-A908-9670646F446E} = {99865A18-6C51-4CCB-A2D2-3673CD7C1364}
		{E05F4F54-968D-49EA-84BF-DA8216DBB68A} = {10375DB6-0F63-4EA2-9FA3-01B5A073A437}
		{C1E6B4E3-1CC1-44AD-8283-962AEC3C00EB} = {10375DB6-0F63-4EA2-9FA3-01B5A073A437}
		{C12A1299-2E29-4BBA-90AE-C3FD2CA192FA} = {99865A18-6C51-4CCB-A2D2-3673CD7C1364}
		{469DF069-7939-4607-8750-E209CCF57627} = {99865A18-6C51-4CCB-A2D2-3673CD7C1364}
		{3F4ECBD7-4587-401D-AB75-F9CE4A19D967} = {99865A18-6C51-4CCB-A2D2-3673CD7C1364}
		{BE408E64-CED4-4659-BB24-4657EE9FDAF4} = {99865A18-6C51-4CCB-A2D2-3673CD7C1364}
		{2ABF2C3C-1D96-4C53-96F2-F94C0BB536B2} = {99865A18-6C51-4CCB-A2D2-3673CD7C1364}
		{556B21AA-E2BD-42A4-BEAD-C2E9688C11BF} = {99865A18-6C51-4CCB-A2D2-3673CD7C1364}
	EndGlobalSection
	GlobalSection(ExtensibilityGlobals) = postSolution
		SolutionGuid = {3EF2CFFF-DF39-4CE0-A804-CD4C67EB6B70}
	EndGlobalSection
EndGlobal
